<?xml version="1.0" encoding="utf-8"?>
<Project ToolsVersion="4.0" xmlns="http://schemas.microsoft.com/developer/msbuild/2003">
  <ItemGroup>
    <Filter Include="Quelldateien">
      <UniqueIdentifier>{4FC737F1-C7A5-4376-A066-2A32D752A2FF}</UniqueIdentifier>
      <Extensions>cpp;c;cc;cxx;c++;cppm;ixx;def;odl;idl;hpj;bat;asm;asmx</Extensions>
    </Filter>
    <Filter Include="Headerdateien">
      <UniqueIdentifier>{93995380-89BD-4b04-88EB-625FBE52EBFB}</UniqueIdentifier>
      <Extensions>h;hh;hpp;hxx;h++;hm;inl;inc;ipp;xsd</Extensions>
    </Filter>
    <Filter Include="Ressourcendateien">
      <UniqueIdentifier>{67DA6AB6-F800-4c08-8B7A-83BB121AAD01}</UniqueIdentifier>
      <Extensions>rc;ico;cur;bmp;dlg;rc2;rct;bin;rgs;gif;jpg;jpeg;jpe;resx;tiff;tif;png;wav;mfcribbon-ms</Extensions>
    </Filter>
  </ItemGroup>
  <ItemGroup>
    <ClInclude Include="src\CoreLabs\creational\Singleton.h">
      <Filter>Headerdateien</Filter>
    </ClInclude>
    <ClInclude Include="src\CoreLabs\logging\AbstractLogHandler.h">
      <Filter>Headerdateien</Filter>
    </ClInclude>
    <ClInclude Include="src\CoreLabs\logging\CoutLogHandler.h">
      <Filter>Headerdateien</Filter>
    </ClInclude>
    <ClInclude Include="src\CoreLabs\logging\FileLogHandler.h">
      <Filter>Headerdateien</Filter>
    </ClInclude>
    <ClInclude Include="src\CoreLabs\logging\LogEntry.h">
      <Filter>Headerdateien</Filter>
    </ClInclude>
    <ClInclude Include="src\CoreLabs\logging\Logger.h">
      <Filter>Headerdateien</Filter>
    </ClInclude>
    <ClInclude Include="src\CoreLabs\logging\LogType.h">
      <Filter>Headerdateien</Filter>
    </ClInclude>
    <ClInclude Include="src\CoreLabs\system\datetime.h">
      <Filter>Headerdateien</Filter>
    </ClInclude>
    <ClInclude Include="src\CoreLabs\system\user.h">
      <Filter>Headerdateien</Filter>
    </ClInclude>
    <ClInclude Include="src\CoreLabs\errors.h">
      <Filter>Headerdateien</Filter>
    </ClInclude>
    <ClInclude Include="src\CoreLabs\fstream.h">
      <Filter>Headerdateien</Filter>
    </ClInclude>
    <ClInclude Include="src\CoreLabs\logging.h">
      <Filter>Headerdateien</Filter>
    </ClInclude>
    <ClInclude Include="src\CoreLabs\root.h">
      <Filter>Headerdateien</Filter>
    </ClInclude>
    <ClInclude Include="src\CoreLabs\sstream.h">
      <Filter>Headerdateien</Filter>
    </ClInclude>
    <ClInclude Include="src\CoreLabs\string.h">
      <Filter>Headerdateien</Filter>
    </ClInclude>
    <ClInclude Include="src\CoreLabs\strings.h">
      <Filter>Headerdateien</Filter>
    </ClInclude>
    <ClInclude Include="src\ProgLabs\Application.h">
      <Filter>Headerdateien</Filter>
    </ClInclude>
    <ClInclude Include="src\ProgLabs\ArgumentBag.h">
      <Filter>Headerdateien</Filter>
    </ClInclude>
    <ClInclude Include="src\XiaoLabs\Component.h">
      <Filter>Headerdateien</Filter>
    </ClInclude>
    <ClInclude Include="src\XiaoLabs\Config.h">
      <Filter>Headerdateien</Filter>
    </ClInclude>
    <ClInclude Include="src\XiaoLabs\graphics\impl\direct3d11\errors.h">
      <Filter>Headerdateien</Filter>
    </ClInclude>
    <ClInclude Include="src\XiaoLabs\MainWindow.h">
      <Filter>Headerdateien</Filter>
    </ClInclude>
    <ClInclude Include="src\XiaoLabs\graphics\GraphicsSystem.h">
      <Filter>Headerdateien</Filter>
    </ClInclude>
    <ClInclude Include="src\XiaoLabs\graphics\impl\direct3d9\GraphicsSystemImpl.h">
      <Filter>Headerdateien</Filter>
    </ClInclude>
    <ClInclude Include="src\XiaoLabs\graphics\impl\direct3d11\GraphicsSystemImpl.h">
      <Filter>Headerdateien</Filter>
    </ClInclude>
    <ClInclude Include="src\XiaoLabs\graphics\RenderingDevice.h">
      <Filter>Headerdateien</Filter>
    </ClInclude>
    <ClInclude Include="src\XiaoLabs\resources\ResourceManager.h">
      <Filter>Headerdateien</Filter>
    </ClInclude>
    <ClInclude Include="src\XiaoLabs\graphics.h">
      <Filter>Headerdateien</Filter>
    </ClInclude>
    <ClInclude Include="src\CoreLabs\logging\StandardLogger.h">
      <Filter>Headerdateien</Filter>
    </ClInclude>
    <ClInclude Include="src\CoreLabs\byte_vector.h">
      <Filter>Headerdateien</Filter>
    </ClInclude>
    <ClInclude Include="src\CoreLabs\byte_span.h">
      <Filter>Headerdateien</Filter>
    </ClInclude>
    <ClInclude Include="src\TestLabs\TestCase.h">
      <Filter>Headerdateien</Filter>
    </ClInclude>
    <ClInclude Include="src\TestLabs\TestSuite.h">
      <Filter>Headerdateien</Filter>
    </ClInclude>
    <ClInclude Include="src\TestLabs\internals.h">
      <Filter>Headerdateien</Filter>
    </ClInclude>
    <ClInclude Include="src\TestLabs\macros.h">
      <Filter>Headerdateien</Filter>
    </ClInclude>
    <ClInclude Include="src\TestLabs\Stats.h">
      <Filter>Headerdateien</Filter>
    </ClInclude>
    <ClInclude Include="src\TestLabs\Context.h">
      <Filter>Headerdateien</Filter>
    </ClInclude>
    <ClInclude Include="src\TestLabs\exceptions\assertion_exception.h">
      <Filter>Headerdateien</Filter>
    </ClInclude>
    <ClInclude Include="src\TestLabs\Meta.h">
      <Filter>Headerdateien</Filter>
    </ClInclude>
    <ClInclude Include="src\TestLabs\Result.h">
      <Filter>Headerdateien</Filter>
    </ClInclude>
    <ClInclude Include="src\TestLabs\ResultBuilder.h">
      <Filter>Headerdateien</Filter>
    </ClInclude>
    <ClInclude Include="src\TestLabs\reporting\IListener.h">
      <Filter>Headerdateien</Filter>
    </ClInclude>
    <ClInclude Include="src\TestLabs\reporting\CoutLogger.h">
      <Filter>Headerdateien</Filter>
    </ClInclude>
    <ClInclude Include="src\TestLabs\SubcaseBranchSwitch.h">
      <Filter>Headerdateien</Filter>
    </ClInclude>
    <ClInclude Include="src\TestLabs\SubcaseContext.h">
      <Filter>Headerdateien</Filter>
    </ClInclude>
    <ClInclude Include="src\TestLabs\Signature.h">
      <Filter>Headerdateien</Filter>
    </ClInclude>
    <ClInclude Include="src\TestLabs\reporting\Reporter.h">
      <Filter>Headerdateien</Filter>
    </ClInclude>
    <ClInclude Include="src\CoreLabs\Version.h">
      <Filter>Headerdateien</Filter>
    </ClInclude>
    <ClInclude Include="src\XiaoLabs\graphics\impl\direct3d11\RenderingDeviceImpl.h">
      <Filter>Headerdateien</Filter>
    </ClInclude>
    <ClInclude Include="src\XiaoLabs\graphics\impl\direct3d9\RenderingDeviceImpl.h">
      <Filter>Headerdateien</Filter>
    </ClInclude>
    <ClInclude Include="src\CoreLabs\util.h">
      <Filter>Headerdateien</Filter>
    </ClInclude>
    <ClInclude Include="src\CoreLabs\memory.h">
      <Filter>Headerdateien</Filter>
    </ClInclude>
    <ClInclude Include="src\XiaoLabs\graphics\impl\direct3d9\errors.h">
      <Filter>Headerdateien</Filter>
    </ClInclude>
    <ClInclude Include="src\XiaoLabs\resources\Resource.h">
      <Filter>Headerdateien</Filter>
    </ClInclude>
    <ClInclude Include="src\XiaoLabs\graphics\impl\direct3d9\prerequisites.h">
      <Filter>Headerdateien</Filter>
    </ClInclude>
    <ClInclude Include="src\XiaoLabs\graphics\impl\direct3d11\prerequisites.h">
      <Filter>Headerdateien</Filter>
    </ClInclude>
    <ClInclude Include="src\XiaoLabs\graphics\shaders\ShaderManager.h">
      <Filter>Headerdateien</Filter>
    </ClInclude>
    <ClInclude Include="src\XiaoLabs\graphics\surfaces\SurfaceManager.h">
      <Filter>Headerdateien</Filter>
    </ClInclude>
    <ClInclude Include="src\XiaoLabs\graphics\textures\TextureManager.h">
      <Filter>Headerdateien</Filter>
    </ClInclude>
    <ClInclude Include="src\XiaoLabs\graphics\meshes\MeshManager.h">
      <Filter>Headerdateien</Filter>
    </ClInclude>
    <ClInclude Include="src\XiaoLabs\graphics\PixelFormat.h">
      <Filter>Headerdateien</Filter>
    </ClInclude>
    <ClInclude Include="src\XiaoLabs\graphics\DepthStencilFormat.h">
      <Filter>Headerdateien</Filter>
    </ClInclude>
    <ClInclude Include="src\XiaoLabs\graphics\shaders\Shader.h">
      <Filter>Headerdateien</Filter>
    </ClInclude>
    <ClInclude Include="src\XiaoLabs\graphics\shaders\VertexShader.h">
      <Filter>Headerdateien</Filter>
    </ClInclude>
    <ClInclude Include="src\XiaoLabs\graphics\shaders\PixelShader.h">
      <Filter>Headerdateien</Filter>
    </ClInclude>
    <ClInclude Include="src\XiaoLabs\graphics\impl\direct3d9\shaders\VertexShaderImpl.h">
      <Filter>Headerdateien</Filter>
    </ClInclude>
    <ClInclude Include="src\XiaoLabs\graphics\impl\direct3d9\shaders\PixelShaderImpl.h">
      <Filter>Headerdateien</Filter>
    </ClInclude>
    <ClInclude Include="src\XiaoLabs\graphics\impl\direct3d11\shaders\PixelShaderImpl.h">
      <Filter>Headerdateien</Filter>
    </ClInclude>
    <ClInclude Include="src\XiaoLabs\graphics\impl\direct3d11\shaders\VertexShaderImpl.h">
      <Filter>Headerdateien</Filter>
    </ClInclude>
    <ClInclude Include="src\XiaoLabs\graphics\IResourceFactory.h">
      <Filter>Headerdateien</Filter>
    </ClInclude>
    <ClInclude Include="src\XiaoLabs\graphics\impl\direct3d9\ResourceFactoryImpl.h">
      <Filter>Headerdateien</Filter>
    </ClInclude>
    <ClInclude Include="src\XiaoLabs\graphics\meshes\IMeshFactory.h">
      <Filter>Headerdateien</Filter>
    </ClInclude>
    <ClInclude Include="src\XiaoLabs\graphics\shaders\IShaderFactory.h">
      <Filter>Headerdateien</Filter>
    </ClInclude>
    <ClInclude Include="src\XiaoLabs\graphics\surfaces\ISurfaceFactory.h">
      <Filter>Headerdateien</Filter>
    </ClInclude>
    <ClInclude Include="src\XiaoLabs\graphics\textures\ITextureFactory.h">
      <Filter>Headerdateien</Filter>
    </ClInclude>
    <ClInclude Include="src\XiaoLabs\graphics\impl\direct3d11\ResourceFactoryImpl.h">
      <Filter>Headerdateien</Filter>
    </ClInclude>
    <ClInclude Include="src\XiaoLabs\graphics\meshes\VertexBuffer.h">
      <Filter>Headerdateien</Filter>
    </ClInclude>
    <ClInclude Include="src\XiaoLabs\graphics\meshes\IndexBuffer.h">
      <Filter>Headerdateien</Filter>
    </ClInclude>
    <ClInclude Include="src\XiaoLabs\graphics\meshes\VertexLayout.h">
      <Filter>Headerdateien</Filter>
    </ClInclude>
    <ClInclude Include="src\XiaoLabs\graphics\RenderingContext.h">
      <Filter>Headerdateien</Filter>
    </ClInclude>
    <ClInclude Include="src\XiaoLabs\graphics\impl\direct3d9\RenderingContextImpl.h">
      <Filter>Headerdateien</Filter>
    </ClInclude>
    <ClInclude Include="src\XiaoLabs\graphics\impl\direct3d11\RenderingContextImpl.h">
      <Filter>Headerdateien</Filter>
    </ClInclude>
    <ClInclude Include="src\XiaoLabs\graphics\states\AbstractStates.h">
      <Filter>Headerdateien</Filter>
    </ClInclude>
    <ClInclude Include="src\XiaoLabs\graphics\states\RenderStates.h">
      <Filter>Headerdateien</Filter>
    </ClInclude>
    <ClInclude Include="src\XiaoLabs\graphics\states\TargetStates.h">
      <Filter>Headerdateien</Filter>
    </ClInclude>
    <ClInclude Include="src\XiaoLabs\graphics\states\StreamStates.h">
      <Filter>Headerdateien</Filter>
    </ClInclude>
    <ClInclude Include="src\XiaoLabs\graphics\meshes\IndexType.h">
      <Filter>Headerdateien</Filter>
    </ClInclude>
    <ClInclude Include="src\XiaoLabs\graphics\meshes\Topology.h">
      <Filter>Headerdateien</Filter>
    </ClInclude>
    <ClInclude Include="src\XiaoLabs\graphics\impl\direct3d9\meshes\IndexBufferImpl.h">
      <Filter>Headerdateien</Filter>
    </ClInclude>
    <ClInclude Include="src\XiaoLabs\graphics\impl\direct3d9\meshes\VertexBufferImpl.h">
      <Filter>Headerdateien</Filter>
    </ClInclude>
    <ClInclude Include="src\XiaoLabs\graphics\meshes\MeshUtil.h">
      <Filter>Headerdateien</Filter>
    </ClInclude>
    <ClInclude Include="src\XiaoLabs\graphics\impl\direct3d11\meshes\IndexBufferImpl.h">
      <Filter>Headerdateien</Filter>
    </ClInclude>
    <ClInclude Include="src\XiaoLabs\graphics\impl\direct3d11\meshes\VertexBufferImpl.h">
      <Filter>Headerdateien</Filter>
    </ClInclude>
    <ClInclude Include="src\XiaoLabs\graphics\shaders\ShaderCode.h">
      <Filter>Headerdateien</Filter>
    </ClInclude>
    <ClInclude Include="src\XiaoLabs\graphics\impl\shared\errors.h">
      <Filter>Headerdateien</Filter>
    </ClInclude>
    <ClInclude Include="src\XiaoLabs\graphics\impl\shared\shaders\D3DShaderCompiler.h">
      <Filter>Headerdateien</Filter>
    </ClInclude>
    <ClInclude Include="src\CoreLabs\filesystem.h">
      <Filter>Headerdateien</Filter>
    </ClInclude>
    <ClInclude Include="src\XiaoLabs\graphics\shaders\ParameterTable.h">
      <Filter>Headerdateien</Filter>
    </ClInclude>
    <ClInclude Include="src\XiaoLabs\graphics\shaders\MacroDefinitions.h">
      <Filter>Headerdateien</Filter>
    </ClInclude>
    <ClInclude Include="src\XiaoLabs\resources\ResourceUsage.h">
      <Filter>Headerdateien</Filter>
    </ClInclude>
    <ClInclude Include="src\XiaoLabs\graphics\meshes\MeshBuffer.h">
      <Filter>Headerdateien</Filter>
    </ClInclude>
    <ClInclude Include="src\CoreLabs\byte_view.h">
      <Filter>Headerdateien</Filter>
    </ClInclude>
    <ClInclude Include="src\XiaoLabs\input.h">
      <Filter>Headerdateien</Filter>
    </ClInclude>
    <ClInclude Include="src\XiaoLabs\audio.h">
      <Filter>Headerdateien</Filter>
    </ClInclude>
    <ClInclude Include="src\XiaoLabs\resources\DataProvider.h">
      <Filter>Headerdateien</Filter>
    </ClInclude>
    <ClInclude Include="src\XiaoLabs\resources\DefaultDataProvider.h">
      <Filter>Headerdateien</Filter>
    </ClInclude>
    <ClInclude Include="src\XiaoLabs\graphics\meshes\VertexDataProvider.h">
      <Filter>Headerdateien</Filter>
    </ClInclude>
    <ClInclude Include="src\XiaoLabs\graphics\meshes\IndexDataProvider.h">
      <Filter>Headerdateien</Filter>
    </ClInclude>
    <ClInclude Include="src\XiaoLabs\graphics\shaders\CodeProvider.h">
      <Filter>Headerdateien</Filter>
    </ClInclude>
    <ClInclude Include="src\XiaoLabs\graphics\states\ShaderStates.h">
      <Filter>Headerdateien</Filter>
    </ClInclude>
    <ClInclude Include="src\XiaoLabs\resources\ResourceID.h">
      <Filter>Headerdateien</Filter>
    </ClInclude>
    <ClInclude Include="src\XiaoLabs\graphics\surfaces\Surface.h">
      <Filter>Headerdateien</Filter>
    </ClInclude>
    <ClInclude Include="src\XiaoLabs\graphics\surfaces\DepthStencilTarget.h">
      <Filter>Headerdateien</Filter>
    </ClInclude>
    <ClInclude Include="src\XiaoLabs\graphics\surfaces\ColorRenderTarget.h">
      <Filter>Headerdateien</Filter>
    </ClInclude>
    <ClInclude Include="src\XiaoLabs\graphics\ChannelOrder.h">
      <Filter>Headerdateien</Filter>
    </ClInclude>
    <ClInclude Include="src\XiaoLabs\graphics\Color.h">
      <Filter>Headerdateien</Filter>
    </ClInclude>
    <ClInclude Include="src\MathLabs\utilities.h">
      <Filter>Headerdateien</Filter>
    </ClInclude>
    <ClInclude Include="src\XiaoLabs\graphics\ClearFlags.h">
      <Filter>Headerdateien</Filter>
    </ClInclude>
  </ItemGroup>
  <ItemGroup>
    <ClCompile Include="src\CoreLabs\creational\Singleton.cpp">
      <Filter>Quelldateien</Filter>
    </ClCompile>
    <ClCompile Include="src\CoreLabs\logging\AbstractLogHandler.cpp">
      <Filter>Quelldateien</Filter>
    </ClCompile>
    <ClCompile Include="src\CoreLabs\logging\CoutLogHandler.cpp">
      <Filter>Quelldateien</Filter>
    </ClCompile>
    <ClCompile Include="src\CoreLabs\logging\FileLogHandler.cpp">
      <Filter>Quelldateien</Filter>
    </ClCompile>
    <ClCompile Include="src\CoreLabs\logging\Logger.cpp">
      <Filter>Quelldateien</Filter>
    </ClCompile>
    <ClCompile Include="src\CoreLabs\system\datetime.cpp">
      <Filter>Quelldateien</Filter>
    </ClCompile>
    <ClCompile Include="src\CoreLabs\system\user.cpp">
      <Filter>Quelldateien</Filter>
    </ClCompile>
    <ClCompile Include="src\CoreLabs\errors.cpp">
      <Filter>Quelldateien</Filter>
    </ClCompile>
    <ClCompile Include="src\CoreLabs\logging.cpp">
      <Filter>Quelldateien</Filter>
    </ClCompile>
    <ClCompile Include="src\CoreLabs\strings.cpp">
      <Filter>Quelldateien</Filter>
    </ClCompile>
    <ClCompile Include="src\ProgLabs\Application.cpp">
      <Filter>Quelldateien</Filter>
    </ClCompile>
    <ClCompile Include="src\ProgLabs\ArgumentBag.cpp">
      <Filter>Quelldateien</Filter>
    </ClCompile>
    <ClCompile Include="src\XiaoLabs\Component.cpp">
      <Filter>Quelldateien</Filter>
    </ClCompile>
    <ClCompile Include="src\XiaoLabs\Config.cpp">
      <Filter>Quelldateien</Filter>
    </ClCompile>
    <ClCompile Include="src\XiaoLabs\graphics\impl\direct3d11\errors.cpp">
      <Filter>Quelldateien</Filter>
    </ClCompile>
    <ClCompile Include="src\XiaoLabs\MainWindow.cpp">
      <Filter>Quelldateien</Filter>
    </ClCompile>
    <ClCompile Include="src\XiaoLabs\graphics\GraphicsSystem.cpp">
      <Filter>Quelldateien</Filter>
    </ClCompile>
    <ClCompile Include="src\XiaoLabs\graphics\impl\direct3d9\GraphicsSystemImpl.cpp">
      <Filter>Quelldateien</Filter>
    </ClCompile>
    <ClCompile Include="src\XiaoLabs\graphics\impl\direct3d11\GraphicsSystemImpl.cpp">
      <Filter>Quelldateien</Filter>
    </ClCompile>
    <ClCompile Include="src\XiaoLabs\graphics\RenderingDevice.cpp">
      <Filter>Quelldateien</Filter>
    </ClCompile>
    <ClCompile Include="src\XiaoLabs\resources\ResourceManager.cpp">
      <Filter>Quelldateien</Filter>
    </ClCompile>
    <ClCompile Include="src\CoreLabs\logging\StandardLogger.cpp">
      <Filter>Quelldateien</Filter>
    </ClCompile>
    <ClCompile Include="src\TestLabs\TestCase.cpp">
      <Filter>Quelldateien</Filter>
    </ClCompile>
    <ClCompile Include="src\TestLabs\TestSuite.cpp">
      <Filter>Quelldateien</Filter>
    </ClCompile>
    <ClCompile Include="src\TestLabs\Stats.cpp">
      <Filter>Quelldateien</Filter>
    </ClCompile>
    <ClCompile Include="src\TestLabs\Context.cpp">
      <Filter>Quelldateien</Filter>
    </ClCompile>
    <ClCompile Include="src\TestLabs\Result.cpp">
      <Filter>Quelldateien</Filter>
    </ClCompile>
    <ClCompile Include="src\TestLabs\ResultBuilder.cpp">
      <Filter>Quelldateien</Filter>
    </ClCompile>
    <ClCompile Include="src\TestLabs\reporting\CoutLogger.cpp">
      <Filter>Quelldateien</Filter>
    </ClCompile>
    <ClCompile Include="src\TestLabs\SubcaseBranchSwitch.cpp">
      <Filter>Quelldateien</Filter>
    </ClCompile>
    <ClCompile Include="src\TestLabs\SubcaseContext.cpp">
      <Filter>Quelldateien</Filter>
    </ClCompile>
    <ClCompile Include="src\TestLabs\Signature.cpp">
      <Filter>Quelldateien</Filter>
    </ClCompile>
    <ClCompile Include="src\TestLabs\reporting\Reporter.cpp">
      <Filter>Quelldateien</Filter>
    </ClCompile>
    <ClCompile Include="src\TestLabs\internals.cpp">
      <Filter>Quelldateien</Filter>
    </ClCompile>
    <ClCompile Include="src\CoreLabs\Version.cpp">
      <Filter>Quelldateien</Filter>
    </ClCompile>
    <ClCompile Include="src\XiaoLabs\graphics\impl\direct3d11\RenderingDeviceImpl.cpp">
      <Filter>Quelldateien</Filter>
    </ClCompile>
    <ClCompile Include="src\XiaoLabs\graphics\impl\direct3d9\RenderingDeviceImpl.cpp">
      <Filter>Quelldateien</Filter>
    </ClCompile>
    <ClCompile Include="src\CoreLabs\memory.cpp">
      <Filter>Quelldateien</Filter>
    </ClCompile>
    <ClCompile Include="src\XiaoLabs\graphics\impl\direct3d9\errors.cpp">
      <Filter>Quelldateien</Filter>
    </ClCompile>
    <ClCompile Include="src\XiaoLabs\resources\Resource.cpp">
      <Filter>Quelldateien</Filter>
    </ClCompile>
    <ClCompile Include="src\XiaoLabs\graphics\shaders\ShaderManager.cpp">
      <Filter>Quelldateien</Filter>
    </ClCompile>
    <ClCompile Include="src\XiaoLabs\graphics\surfaces\SurfaceManager.cpp">
      <Filter>Quelldateien</Filter>
    </ClCompile>
    <ClCompile Include="src\XiaoLabs\graphics\textures\TextureManager.cpp">
      <Filter>Quelldateien</Filter>
    </ClCompile>
    <ClCompile Include="src\XiaoLabs\graphics\meshes\MeshManager.cpp">
      <Filter>Quelldateien</Filter>
    </ClCompile>
    <ClCompile Include="src\XiaoLabs\graphics\shaders\Shader.cpp">
      <Filter>Quelldateien</Filter>
    </ClCompile>
    <ClCompile Include="src\XiaoLabs\graphics\shaders\VertexShader.cpp">
      <Filter>Quelldateien</Filter>
    </ClCompile>
    <ClCompile Include="src\XiaoLabs\graphics\shaders\PixelShader.cpp">
      <Filter>Quelldateien</Filter>
    </ClCompile>
    <ClCompile Include="src\XiaoLabs\graphics\impl\direct3d9\shaders\VertexShaderImpl.cpp">
      <Filter>Quelldateien</Filter>
    </ClCompile>
    <ClCompile Include="src\XiaoLabs\graphics\impl\direct3d9\shaders\PixelShaderImpl.cpp">
      <Filter>Quelldateien</Filter>
    </ClCompile>
    <ClCompile Include="src\XiaoLabs\graphics\impl\direct3d11\shaders\PixelShaderImpl.cpp">
      <Filter>Quelldateien</Filter>
    </ClCompile>
    <ClCompile Include="src\XiaoLabs\graphics\impl\direct3d11\shaders\VertexShaderImpl.cpp">
      <Filter>Quelldateien</Filter>
    </ClCompile>
    <ClCompile Include="src\XiaoLabs\graphics\impl\direct3d9\ResourceFactoryImpl.cpp">
      <Filter>Quelldateien</Filter>
    </ClCompile>
    <ClCompile Include="src\XiaoLabs\graphics\impl\direct3d11\ResourceFactoryImpl.cpp">
      <Filter>Quelldateien</Filter>
    </ClCompile>
    <ClCompile Include="src\XiaoLabs\graphics\meshes\VertexBuffer.cpp">
      <Filter>Quelldateien</Filter>
    </ClCompile>
    <ClCompile Include="src\XiaoLabs\graphics\meshes\IndexBuffer.cpp">
      <Filter>Quelldateien</Filter>
    </ClCompile>
    <ClCompile Include="src\XiaoLabs\graphics\meshes\VertexLayout.cpp">
      <Filter>Quelldateien</Filter>
    </ClCompile>
    <ClCompile Include="src\XiaoLabs\graphics\RenderingContext.cpp">
      <Filter>Quelldateien</Filter>
    </ClCompile>
    <ClCompile Include="src\XiaoLabs\graphics\impl\direct3d9\RenderingContextImpl.cpp">
      <Filter>Quelldateien</Filter>
    </ClCompile>
    <ClCompile Include="src\XiaoLabs\graphics\impl\direct3d11\RenderingContextImpl.cpp">
      <Filter>Quelldateien</Filter>
    </ClCompile>
    <ClCompile Include="src\XiaoLabs\graphics\states\AbstractStates.cpp">
      <Filter>Quelldateien</Filter>
    </ClCompile>
    <ClCompile Include="src\XiaoLabs\graphics\states\RenderStates.cpp">
      <Filter>Quelldateien</Filter>
    </ClCompile>
    <ClCompile Include="src\XiaoLabs\graphics\states\TargetStates.cpp">
      <Filter>Quelldateien</Filter>
    </ClCompile>
    <ClCompile Include="src\XiaoLabs\graphics\states\StreamStates.cpp">
      <Filter>Quelldateien</Filter>
    </ClCompile>
    <ClCompile Include="src\XiaoLabs\graphics\impl\direct3d9\meshes\IndexBufferImpl.cpp">
      <Filter>Quelldateien</Filter>
    </ClCompile>
    <ClCompile Include="src\XiaoLabs\graphics\impl\direct3d9\meshes\VertexBufferImpl.cpp">
      <Filter>Quelldateien</Filter>
    </ClCompile>
    <ClCompile Include="src\XiaoLabs\graphics\meshes\MeshUtil.cpp">
      <Filter>Quelldateien</Filter>
    </ClCompile>
    <ClCompile Include="src\XiaoLabs\graphics\impl\direct3d11\meshes\IndexBufferImpl.cpp">
      <Filter>Quelldateien</Filter>
    </ClCompile>
    <ClCompile Include="src\XiaoLabs\graphics\impl\direct3d11\meshes\VertexBufferImpl.cpp">
      <Filter>Quelldateien</Filter>
    </ClCompile>
    <ClCompile Include="src\XiaoLabs\graphics\shaders\ShaderCode.cpp">
      <Filter>Quelldateien</Filter>
    </ClCompile>
    <ClCompile Include="src\XiaoLabs\graphics\impl\shared\errors.cpp">
      <Filter>Quelldateien</Filter>
    </ClCompile>
    <ClCompile Include="src\XiaoLabs\graphics\impl\shared\shaders\D3DShaderCompiler.cpp">
      <Filter>Quelldateien</Filter>
    </ClCompile>
    <ClCompile Include="src\CoreLabs\filesystem.cpp">
      <Filter>Quelldateien</Filter>
    </ClCompile>
    <ClCompile Include="src\XiaoLabs\graphics\meshes\MeshBuffer.cpp">
      <Filter>Quelldateien</Filter>
    </ClCompile>
    <ClCompile Include="src\XiaoLabs\resources\DataProvider.cpp">
      <Filter>Quelldateien</Filter>
    </ClCompile>
    <ClCompile Include="src\XiaoLabs\resources\DefaultDataProvider.cpp">
      <Filter>Quelldateien</Filter>
    </ClCompile>
    <ClCompile Include="src\XiaoLabs\graphics\shaders\CodeProvider.cpp">
      <Filter>Quelldateien</Filter>
    </ClCompile>
    <ClCompile Include="src\XiaoLabs\graphics\states\ShaderStates.cpp">
      <Filter>Quelldateien</Filter>
    </ClCompile>
    <ClCompile Include="src\XiaoLabs\resources\ResourceID.cpp">
      <Filter>Quelldateien</Filter>
    </ClCompile>
    <ClCompile Include="src\XiaoLabs\graphics\surfaces\Surface.cpp">
      <Filter>Quelldateien</Filter>
    </ClCompile>
    <ClCompile Include="src\XiaoLabs\graphics\surfaces\DepthStencilTarget.cpp">
      <Filter>Quelldateien</Filter>
    </ClCompile>
    <ClCompile Include="src\XiaoLabs\graphics\surfaces\ColorRenderTarget.cpp">
      <Filter>Quelldateien</Filter>
    </ClCompile>
    <ClCompile Include="src\XiaoLabs\graphics\Color.cpp">
      <Filter>Quelldateien</Filter>
    </ClCompile>
    <ClCompile Include="src\MathLabs\utilities.cpp">
      <Filter>Quelldateien</Filter>
    </ClCompile>
  </ItemGroup>
</Project>